
Microsoft Visual Studio Solution File, Format Version 12.00
# Visual Studio Version 16
VisualStudioVersion = 16.0.31624.102
MinimumVisualStudioVersion = 10.0.40219.1
Project("{FAE04EC0-301F-11D3-BF4B-00C04F79EFBC}") = "WPFTask2.3", "WPFTask2.3\WPFTask2.3.csproj", "{2C7A2498-9D98-4E86-A13F-C04D113B156A}"
EndProject
Global
	GlobalSection(SolutionConfigurationPlatforms) = preSolution
		Debug|Any CPU = Debug|Any CPU
		Release|Any CPU = Release|Any CPU
	EndGlobalSection
	GlobalSection(ProjectConfigurationPlatforms) = postSolution
		{2C7A2498-9D98-4E86-A13F-C04D113B156A}.Debug|Any CPU.ActiveCfg = Debug|Any CPU
		{2C7A2498-9D98-4E86-A13F-C04D113B156A}.Debug|Any CPU.Build.0 = Debug|Any CPU
		{2C7A2498-9D98-4E86-A13F-C04D113B156A}.Release|Any CPU.ActiveCfg = Release|Any CPU
		{2C7A2498-9D98-4E86-A13F-C04D113B156A}.Release|Any CPU.Build.0 = Release|Any CPU
	EndGlobalSection
	GlobalSection(SolutionProperties) = preSolution
		HideSolutionNode = FALSE
	EndGlobalSection
	GlobalSection(ExtensibilityGlobals) = postSolution
		SolutionGuid = {1A647BC2-8758-4CBC-A06B-8D43C3462B3C}
	EndGlobalSection
EndGlobal
